
Microsoft Visual Studio Solution File, Format Version 12.00
# Visual Studio Version 17
VisualStudioVersion = 17.0.31903.59
MinimumVisualStudioVersion = 10.0.40219.1
Project("{FAE04EC0-301F-11D3-BF4B-00C04F79EFBC}") = "webapi", "webapi\webapi.csproj", "{1DB25C2B-B7A2-44DB-B8AB-A058140B6D37}"
EndProject
Project("{FAE04EC0-301F-11D3-BF4B-00C04F79EFBC}") = "webapp", "webapp\webapp.csproj", "{CACC49C9-F410-4E77-A1AD-14C0F1B77652}"
EndProject
Global
	GlobalSection(SolutionConfigurationPlatforms) = preSolution
		Debug|Any CPU = Debug|Any CPU
		Release|Any CPU = Release|Any CPU
	EndGlobalSection
	GlobalSection(ProjectConfigurationPlatforms) = postSolution
		{1DB25C2B-B7A2-44DB-B8AB-A058140B6D37}.Debug|Any CPU.ActiveCfg = Debug|Any CPU
		{1DB25C2B-B7A2-44DB-B8AB-A058140B6D37}.Debug|Any CPU.Build.0 = Debug|Any CPU
		{1DB25C2B-B7A2-44DB-B8AB-A058140B6D37}.Release|Any CPU.ActiveCfg = Release|Any CPU
		{1DB25C2B-B7A2-44DB-B8AB-A058140B6D37}.Release|Any CPU.Build.0 = Release|Any CPU
		{CACC49C9-F410-4E77-A1AD-14C0F1B77652}.Debug|Any CPU.ActiveCfg = Debug|Any CPU
		{CACC49C9-F410-4E77-A1AD-14C0F1B77652}.Debug|Any CPU.Build.0 = Debug|Any CPU
		{CACC49C9-F410-4E77-A1AD-14C0F1B77652}.Release|Any CPU.ActiveCfg = Release|Any CPU
		{CACC49C9-F410-4E77-A1AD-14C0F1B77652}.Release|Any CPU.Build.0 = Release|Any CPU
	EndGlobalSection
	GlobalSection(SolutionProperties) = preSolution
		HideSolutionNode = FALSE
	EndGlobalSection
	GlobalSection(ExtensibilityGlobals) = postSolution
		SolutionGuid = {A7FD9861-2B29-4C89-AA25-0F5A2103A21F}
	EndGlobalSection
EndGlobal
