
Microsoft Visual Studio Solution File, Format Version 12.00
# Visual Studio Version 16
VisualStudioVersion = 16.0.32602.291
MinimumVisualStudioVersion = 10.0.40219.1
Project("{9A19103F-16F7-4668-BE54-9A1E7A4F7556}") = "AWSLambda2", "AWSLambda2\AWSLambda2.csproj", "{7C943E67-D668-4726-81BC-A3BB47720C43}"
EndProject
Project("{9A19103F-16F7-4668-BE54-9A1E7A4F7556}") = "AWSLambda2.Tests", "AWSLambda2.Tests\AWSLambda2.Tests.csproj", "{C179BB9F-DEF2-4398-BB05-0E851703A523}"
EndProject
Global
	GlobalSection(SolutionConfigurationPlatforms) = preSolution
		Debug|Any CPU = Debug|Any CPU
		Release|Any CPU = Release|Any CPU
	EndGlobalSection
	GlobalSection(ProjectConfigurationPlatforms) = postSolution
		{7C943E67-D668-4726-81BC-A3BB47720C43}.Debug|Any CPU.ActiveCfg = Debug|Any CPU
		{7C943E67-D668-4726-81BC-A3BB47720C43}.Debug|Any CPU.Build.0 = Debug|Any CPU
		{7C943E67-D668-4726-81BC-A3BB47720C43}.Release|Any CPU.ActiveCfg = Release|Any CPU
		{7C943E67-D668-4726-81BC-A3BB47720C43}.Release|Any CPU.Build.0 = Release|Any CPU
		{C179BB9F-DEF2-4398-BB05-0E851703A523}.Debug|Any CPU.ActiveCfg = Debug|Any CPU
		{C179BB9F-DEF2-4398-BB05-0E851703A523}.Debug|Any CPU.Build.0 = Debug|Any CPU
		{C179BB9F-DEF2-4398-BB05-0E851703A523}.Release|Any CPU.ActiveCfg = Release|Any CPU
		{C179BB9F-DEF2-4398-BB05-0E851703A523}.Release|Any CPU.Build.0 = Release|Any CPU
	EndGlobalSection
	GlobalSection(SolutionProperties) = preSolution
		HideSolutionNode = FALSE
	EndGlobalSection
	GlobalSection(ExtensibilityGlobals) = postSolution
		SolutionGuid = {98C4CC5E-DD29-4991-8574-6F25EFCA92A8}
	EndGlobalSection
EndGlobal
